
Microsoft Visual Studio Solution File, Format Version 12.00
# Visual Studio 15
VisualStudioVersion = 15.0.27130.2010
MinimumVisualStudioVersion = 10.0.40219.1
Project("{FAE04EC0-301F-11D3-BF4B-00C04F79EFBC}") = "MDE1.Android", "MDE1\MDE1.Android\MDE1.Android.csproj", "{0728E263-BE74-41A2-9674-6F110D31735E}"
EndProject
Project("{FAE04EC0-301F-11D3-BF4B-00C04F79EFBC}") = "MDE1.iOS", "MDE1\MDE1.iOS\MDE1.iOS.csproj", "{5AD8879C-CDB9-45C4-BE59-BE72348785B3}"
EndProject
Project("{FAE04EC0-301F-11D3-BF4B-00C04F79EFBC}") = "MDE1.UWP", "MDE1\MDE1.UWP\MDE1.UWP.csproj", "{6CFCFB85-730B-493E-9035-CAEA36E80137}"
EndProject
Project("{FAE04EC0-301F-11D3-BF4B-00C04F79EFBC}") = "MDE1", "MDE1\MDE1\MDE1.csproj", "{75E04EC9-A38D-489B-A06F-3AAA968B9D94}"
EndProject
Global
	GlobalSection(SolutionConfigurationPlatforms) = preSolution
		Ad-Hoc|Any CPU = Ad-Hoc|Any CPU
		Ad-Hoc|ARM = Ad-Hoc|ARM
		Ad-Hoc|iPhone = Ad-Hoc|iPhone
		Ad-Hoc|iPhoneSimulator = Ad-Hoc|iPhoneSimulator
		Ad-Hoc|x64 = Ad-Hoc|x64
		Ad-Hoc|x86 = Ad-Hoc|x86
		AppStore|Any CPU = AppStore|Any CPU
		AppStore|ARM = AppStore|ARM
		AppStore|iPhone = AppStore|iPhone
		AppStore|iPhoneSimulator = AppStore|iPhoneSimulator
		AppStore|x64 = AppStore|x64
		AppStore|x86 = AppStore|x86
		Debug|Any CPU = Debug|Any CPU
		Debug|ARM = Debug|ARM
		Debug|iPhone = Debug|iPhone
		Debug|iPhoneSimulator = Debug|iPhoneSimulator
		Debug|x64 = Debug|x64
		Debug|x86 = Debug|x86
		Release|Any CPU = Release|Any CPU
		Release|ARM = Release|ARM
		Release|iPhone = Release|iPhone
		Release|iPhoneSimulator = Release|iPhoneSimulator
		Release|x64 = Release|x64
		Release|x86 = Release|x86
	EndGlobalSection
	GlobalSection(ProjectConfigurationPlatforms) = postSolution
		{0728E263-BE74-41A2-9674-6F110D31735E}.Ad-Hoc|Any CPU.ActiveCfg = Release|Any CPU
		{0728E263-BE74-41A2-9674-6F110D31735E}.Ad-Hoc|Any CPU.Build.0 = Release|Any CPU
		{0728E263-BE74-41A2-9674-6F110D31735E}.Ad-Hoc|Any CPU.Deploy.0 = Release|Any CPU
		{0728E263-BE74-41A2-9674-6F110D31735E}.Ad-Hoc|ARM.ActiveCfg = Release|Any CPU
		{0728E263-BE74-41A2-9674-6F110D31735E}.Ad-Hoc|ARM.Build.0 = Release|Any CPU
		{0728E263-BE74-41A2-9674-6F110D31735E}.Ad-Hoc|ARM.Deploy.0 = Release|Any CPU
		{0728E263-BE74-41A2-9674-6F110D31735E}.Ad-Hoc|iPhone.ActiveCfg = Release|Any CPU
		{0728E263-BE74-41A2-9674-6F110D31735E}.Ad-Hoc|iPhone.Build.0 = Release|Any CPU
		{0728E263-BE74-41A2-9674-6F110D31735E}.Ad-Hoc|iPhone.Deploy.0 = Release|Any CPU
		{0728E263-BE74-41A2-9674-6F110D31735E}.Ad-Hoc|iPhoneSimulator.ActiveCfg = Release|Any CPU
		{0728E263-BE74-41A2-9674-6F110D31735E}.Ad-Hoc|iPhoneSimulator.Build.0 = Release|Any CPU
		{0728E263-BE74-41A2-9674-6F110D31735E}.Ad-Hoc|iPhoneSimulator.Deploy.0 = Release|Any CPU
		{0728E263-BE74-41A2-9674-6F110D31735E}.Ad-Hoc|x64.ActiveCfg = Release|Any CPU
		{0728E263-BE74-41A2-9674-6F110D31735E}.Ad-Hoc|x64.Build.0 = Release|Any CPU
		{0728E263-BE74-41A2-9674-6F110D31735E}.Ad-Hoc|x64.Deploy.0 = Release|Any CPU
		{0728E263-BE74-41A2-9674-6F110D31735E}.Ad-Hoc|x86.ActiveCfg = Release|Any CPU
		{0728E263-BE74-41A2-9674-6F110D31735E}.Ad-Hoc|x86.Build.0 = Release|Any CPU
		{0728E263-BE74-41A2-9674-6F110D31735E}.Ad-Hoc|x86.Deploy.0 = Release|Any CPU
		{0728E263-BE74-41A2-9674-6F110D31735E}.AppStore|Any CPU.ActiveCfg = Release|Any CPU
		{0728E263-BE74-41A2-9674-6F110D31735E}.AppStore|Any CPU.Build.0 = Release|Any CPU
		{0728E263-BE74-41A2-9674-6F110D31735E}.AppStore|Any CPU.Deploy.0 = Release|Any CPU
		{0728E263-BE74-41A2-9674-6F110D31735E}.AppStore|ARM.ActiveCfg = Release|Any CPU
		{0728E263-BE74-41A2-9674-6F110D31735E}.AppStore|ARM.Build.0 = Release|Any CPU
		{0728E263-BE74-41A2-9674-6F110D31735E}.AppStore|ARM.Deploy.0 = Release|Any CPU
		{0728E263-BE74-41A2-9674-6F110D31735E}.AppStore|iPhone.ActiveCfg = Release|Any CPU
		{0728E263-BE74-41A2-9674-6F110D31735E}.AppStore|iPhone.Build.0 = Release|Any CPU
		{0728E263-BE74-41A2-9674-6F110D31735E}.AppStore|iPhone.Deploy.0 = Release|Any CPU
		{0728E263-BE74-41A2-9674-6F110D31735E}.AppStore|iPhoneSimulator.ActiveCfg = Release|Any CPU
		{0728E263-BE74-41A2-9674-6F110D31735E}.AppStore|iPhoneSimulator.Build.0 = Release|Any CPU
		{0728E263-BE74-41A2-9674-6F110D31735E}.AppStore|iPhoneSimulator.Deploy.0 = Release|Any CPU
		{0728E263-BE74-41A2-9674-6F110D31735E}.AppStore|x64.ActiveCfg = Release|Any CPU
		{0728E263-BE74-41A2-9674-6F110D31735E}.AppStore|x64.Build.0 = Release|Any CPU
		{0728E263-BE74-41A2-9674-6F110D31735E}.AppStore|x64.Deploy.0 = Release|Any CPU
		{0728E263-BE74-41A2-9674-6F110D31735E}.AppStore|x86.ActiveCfg = Release|Any CPU
		{0728E263-BE74-41A2-9674-6F110D31735E}.AppStore|x86.Build.0 = Release|Any CPU
		{0728E263-BE74-41A2-9674-6F110D31735E}.AppStore|x86.Deploy.0 = Release|Any CPU
		{0728E263-BE74-41A2-9674-6F110D31735E}.Debug|Any CPU.ActiveCfg = Debug|Any CPU
		{0728E263-BE74-41A2-9674-6F110D31735E}.Debug|Any CPU.Build.0 = Debug|Any CPU
		{0728E263-BE74-41A2-9674-6F110D31735E}.Debug|Any CPU.Deploy.0 = Debug|Any CPU
		{0728E263-BE74-41A2-9674-6F110D31735E}.Debug|ARM.ActiveCfg = Debug|Any CPU
		{0728E263-BE74-41A2-9674-6F110D31735E}.Debug|ARM.Build.0 = Debug|Any CPU
		{0728E263-BE74-41A2-9674-6F110D31735E}.Debug|ARM.Deploy.0 = Debug|Any CPU
		{0728E263-BE74-41A2-9674-6F110D31735E}.Debug|iPhone.ActiveCfg = Debug|Any CPU
		{0728E263-BE74-41A2-9674-6F110D31735E}.Debug|iPhone.Build.0 = Debug|Any CPU
		{0728E263-BE74-41A2-9674-6F110D31735E}.Debug|iPhone.Deploy.0 = Debug|Any CPU
		{0728E263-BE74-41A2-9674-6F110D31735E}.Debug|iPhoneSimulator.ActiveCfg = Debug|Any CPU
		{0728E263-BE74-41A2-9674-6F110D31735E}.Debug|iPhoneSimulator.Build.0 = Debug|Any CPU
		{0728E263-BE74-41A2-9674-6F110D31735E}.Debug|iPhoneSimulator.Deploy.0 = Debug|Any CPU
		{0728E263-BE74-41A2-9674-6F110D31735E}.Debug|x64.ActiveCfg = Debug|Any CPU
		{0728E263-BE74-41A2-9674-6F110D31735E}.Debug|x64.Build.0 = Debug|Any CPU
		{0728E263-BE74-41A2-9674-6F110D31735E}.Debug|x64.Deploy.0 = Debug|Any CPU
		{0728E263-BE74-41A2-9674-6F110D31735E}.Debug|x86.ActiveCfg = Debug|Any CPU
		{0728E263-BE74-41A2-9674-6F110D31735E}.Debug|x86.Build.0 = Debug|Any CPU
		{0728E263-BE74-41A2-9674-6F110D31735E}.Debug|x86.Deploy.0 = Debug|Any CPU
		{0728E263-BE74-41A2-9674-6F110D31735E}.Release|Any CPU.ActiveCfg = Release|Any CPU
		{0728E263-BE74-41A2-9674-6F110D31735E}.Release|Any CPU.Build.0 = Release|Any CPU
		{0728E263-BE74-41A2-9674-6F110D31735E}.Release|Any CPU.Deploy.0 = Release|Any CPU
		{0728E263-BE74-41A2-9674-6F110D31735E}.Release|ARM.ActiveCfg = Release|Any CPU
		{0728E263-BE74-41A2-9674-6F110D31735E}.Release|ARM.Build.0 = Release|Any CPU
		{0728E263-BE74-41A2-9674-6F110D31735E}.Release|ARM.Deploy.0 = Release|Any CPU
		{0728E263-BE74-41A2-9674-6F110D31735E}.Release|iPhone.ActiveCfg = Release|Any CPU
		{0728E263-BE74-41A2-9674-6F110D31735E}.Release|iPhone.Build.0 = Release|Any CPU
		{0728E263-BE74-41A2-9674-6F110D31735E}.Release|iPhone.Deploy.0 = Release|Any CPU
		{0728E263-BE74-41A2-9674-6F110D31735E}.Release|iPhoneSimulator.ActiveCfg = Release|Any CPU
		{0728E263-BE74-41A2-9674-6F110D31735E}.Release|iPhoneSimulator.Build.0 = Release|Any CPU
		{0728E263-BE74-41A2-9674-6F110D31735E}.Release|iPhoneSimulator.Deploy.0 = Release|Any CPU
		{0728E263-BE74-41A2-9674-6F110D31735E}.Release|x64.ActiveCfg = Release|Any CPU
		{0728E263-BE74-41A2-9674-6F110D31735E}.Release|x64.Build.0 = Release|Any CPU
		{0728E263-BE74-41A2-9674-6F110D31735E}.Release|x64.Deploy.0 = Release|Any CPU
		{0728E263-BE74-41A2-9674-6F110D31735E}.Release|x86.ActiveCfg = Release|Any CPU
		{0728E263-BE74-41A2-9674-6F110D31735E}.Release|x86.Build.0 = Release|Any CPU
		{0728E263-BE74-41A2-9674-6F110D31735E}.Release|x86.Deploy.0 = Release|Any CPU
		{5AD8879C-CDB9-45C4-BE59-BE72348785B3}.Ad-Hoc|Any CPU.ActiveCfg = Ad-Hoc|iPhone
		{5AD8879C-CDB9-45C4-BE59-BE72348785B3}.Ad-Hoc|ARM.ActiveCfg = Ad-Hoc|iPhone
		{5AD8879C-CDB9-45C4-BE59-BE72348785B3}.Ad-Hoc|iPhone.ActiveCfg = Ad-Hoc|iPhone
		{5AD8879C-CDB9-45C4-BE59-BE72348785B3}.Ad-Hoc|iPhone.Build.0 = Ad-Hoc|iPhone
		{5AD8879C-CDB9-45C4-BE59-BE72348785B3}.Ad-Hoc|iPhoneSimulator.ActiveCfg = Ad-Hoc|iPhoneSimulator
		{5AD8879C-CDB9-45C4-BE59-BE72348785B3}.Ad-Hoc|iPhoneSimulator.Build.0 = Ad-Hoc|iPhoneSimulator
		{5AD8879C-CDB9-45C4-BE59-BE72348785B3}.Ad-Hoc|x64.ActiveCfg = Ad-Hoc|iPhone
		{5AD8879C-CDB9-45C4-BE59-BE72348785B3}.Ad-Hoc|x86.ActiveCfg = Ad-Hoc|iPhone
		{5AD8879C-CDB9-45C4-BE59-BE72348785B3}.AppStore|Any CPU.ActiveCfg = AppStore|iPhone
		{5AD8879C-CDB9-45C4-BE59-BE72348785B3}.AppStore|ARM.ActiveCfg = AppStore|iPhone
		{5AD8879C-CDB9-45C4-BE59-BE72348785B3}.AppStore|iPhone.ActiveCfg = AppStore|iPhone
		{5AD8879C-CDB9-45C4-BE59-BE72348785B3}.AppStore|iPhone.Build.0 = AppStore|iPhone
		{5AD8879C-CDB9-45C4-BE59-BE72348785B3}.AppStore|iPhoneSimulator.ActiveCfg = AppStore|iPhoneSimulator
		{5AD8879C-CDB9-45C4-BE59-BE72348785B3}.AppStore|iPhoneSimulator.Build.0 = AppStore|iPhoneSimulator
		{5AD8879C-CDB9-45C4-BE59-BE72348785B3}.AppStore|x64.ActiveCfg = AppStore|iPhone
		{5AD8879C-CDB9-45C4-BE59-BE72348785B3}.AppStore|x86.ActiveCfg = AppStore|iPhone
		{5AD8879C-CDB9-45C4-BE59-BE72348785B3}.Debug|Any CPU.ActiveCfg = Debug|iPhone
		{5AD8879C-CDB9-45C4-BE59-BE72348785B3}.Debug|ARM.ActiveCfg = Debug|iPhone
		{5AD8879C-CDB9-45C4-BE59-BE72348785B3}.Debug|iPhone.ActiveCfg = Debug|iPhone
		{5AD8879C-CDB9-45C4-BE59-BE72348785B3}.Debug|iPhone.Build.0 = Debug|iPhone
		{5AD8879C-CDB9-45C4-BE59-BE72348785B3}.Debug|iPhoneSimulator.ActiveCfg = Debug|iPhoneSimulator
		{5AD8879C-CDB9-45C4-BE59-BE72348785B3}.Debug|iPhoneSimulator.Build.0 = Debug|iPhoneSimulator
		{5AD8879C-CDB9-45C4-BE59-BE72348785B3}.Debug|x64.ActiveCfg = Debug|iPhone
		{5AD8879C-CDB9-45C4-BE59-BE72348785B3}.Debug|x86.ActiveCfg = Debug|iPhone
		{5AD8879C-CDB9-45C4-BE59-BE72348785B3}.Release|Any CPU.ActiveCfg = Release|iPhone
		{5AD8879C-CDB9-45C4-BE59-BE72348785B3}.Release|ARM.ActiveCfg = Release|iPhone
		{5AD8879C-CDB9-45C4-BE59-BE72348785B3}.Release|iPhone.ActiveCfg = Release|iPhone
		{5AD8879C-CDB9-45C4-BE59-BE72348785B3}.Release|iPhone.Build.0 = Release|iPhone
		{5AD8879C-CDB9-45C4-BE59-BE72348785B3}.Release|iPhoneSimulator.ActiveCfg = Release|iPhoneSimulator
		{5AD8879C-CDB9-45C4-BE59-BE72348785B3}.Release|iPhoneSimulator.Build.0 = Release|iPhoneSimulator
		{5AD8879C-CDB9-45C4-BE59-BE72348785B3}.Release|x64.ActiveCfg = Release|iPhone
		{5AD8879C-CDB9-45C4-BE59-BE72348785B3}.Release|x86.ActiveCfg = Release|iPhone
		{6CFCFB85-730B-493E-9035-CAEA36E80137}.Ad-Hoc|Any CPU.ActiveCfg = Release|x86
		{6CFCFB85-730B-493E-9035-CAEA36E80137}.Ad-Hoc|Any CPU.Build.0 = Release|x86
		{6CFCFB85-730B-493E-9035-CAEA36E80137}.Ad-Hoc|Any CPU.Deploy.0 = Release|x86
		{6CFCFB85-730B-493E-9035-CAEA36E80137}.Ad-Hoc|ARM.ActiveCfg = Release|ARM
		{6CFCFB85-730B-493E-9035-CAEA36E80137}.Ad-Hoc|ARM.Build.0 = Release|ARM
		{6CFCFB85-730B-493E-9035-CAEA36E80137}.Ad-Hoc|ARM.Deploy.0 = Release|ARM
		{6CFCFB85-730B-493E-9035-CAEA36E80137}.Ad-Hoc|iPhone.ActiveCfg = Release|x86
		{6CFCFB85-730B-493E-9035-CAEA36E80137}.Ad-Hoc|iPhone.Build.0 = Release|x86
		{6CFCFB85-730B-493E-9035-CAEA36E80137}.Ad-Hoc|iPhone.Deploy.0 = Release|x86
		{6CFCFB85-730B-493E-9035-CAEA36E80137}.Ad-Hoc|iPhoneSimulator.ActiveCfg = Release|x86
		{6CFCFB85-730B-493E-9035-CAEA36E80137}.Ad-Hoc|iPhoneSimulator.Build.0 = Release|x86
		{6CFCFB85-730B-493E-9035-CAEA36E80137}.Ad-Hoc|iPhoneSimulator.Deploy.0 = Release|x86
		{6CFCFB85-730B-493E-9035-CAEA36E80137}.Ad-Hoc|x64.ActiveCfg = Release|x64
		{6CFCFB85-730B-493E-9035-CAEA36E80137}.Ad-Hoc|x64.Build.0 = Release|x64
		{6CFCFB85-730B-493E-9035-CAEA36E80137}.Ad-Hoc|x64.Deploy.0 = Release|x64
		{6CFCFB85-730B-493E-9035-CAEA36E80137}.Ad-Hoc|x86.ActiveCfg = Release|x86
		{6CFCFB85-730B-493E-9035-CAEA36E80137}.Ad-Hoc|x86.Build.0 = Release|x86
		{6CFCFB85-730B-493E-9035-CAEA36E80137}.Ad-Hoc|x86.Deploy.0 = Release|x86
		{6CFCFB85-730B-493E-9035-CAEA36E80137}.AppStore|Any CPU.ActiveCfg = Release|x86
		{6CFCFB85-730B-493E-9035-CAEA36E80137}.AppStore|Any CPU.Build.0 = Release|x86
		{6CFCFB85-730B-493E-9035-CAEA36E80137}.AppStore|Any CPU.Deploy.0 = Release|x86
		{6CFCFB85-730B-493E-9035-CAEA36E80137}.AppStore|ARM.ActiveCfg = Release|ARM
		{6CFCFB85-730B-493E-9035-CAEA36E80137}.AppStore|ARM.Build.0 = Release|ARM
		{6CFCFB85-730B-493E-9035-CAEA36E80137}.AppStore|ARM.Deploy.0 = Release|ARM
		{6CFCFB85-730B-493E-9035-CAEA36E80137}.AppStore|iPhone.ActiveCfg = Release|x86
		{6CFCFB85-730B-493E-9035-CAEA36E80137}.AppStore|iPhone.Build.0 = Release|x86
		{6CFCFB85-730B-493E-9035-CAEA36E80137}.AppStore|iPhone.Deploy.0 = Release|x86
		{6CFCFB85-730B-493E-9035-CAEA36E80137}.AppStore|iPhoneSimulator.ActiveCfg = Release|x86
		{6CFCFB85-730B-493E-9035-CAEA36E80137}.AppStore|iPhoneSimulator.Build.0 = Release|x86
		{6CFCFB85-730B-493E-9035-CAEA36E80137}.AppStore|iPhoneSimulator.Deploy.0 = Release|x86
		{6CFCFB85-730B-493E-9035-CAEA36E80137}.AppStore|x64.ActiveCfg = Release|x64
		{6CFCFB85-730B-493E-9035-CAEA36E80137}.AppStore|x64.Build.0 = Release|x64
		{6CFCFB85-730B-493E-9035-CAEA36E80137}.AppStore|x64.Deploy.0 = Release|x64
		{6CFCFB85-730B-493E-9035-CAEA36E80137}.AppStore|x86.ActiveCfg = Release|x86
		{6CFCFB85-730B-493E-9035-CAEA36E80137}.AppStore|x86.Build.0 = Release|x86
		{6CFCFB85-730B-493E-9035-CAEA36E80137}.AppStore|x86.Deploy.0 = Release|x86
		{6CFCFB85-730B-493E-9035-CAEA36E80137}.Debug|Any CPU.ActiveCfg = Debug|x86
		{6CFCFB85-730B-493E-9035-CAEA36E80137}.Debug|ARM.ActiveCfg = Debug|ARM
		{6CFCFB85-730B-493E-9035-CAEA36E80137}.Debug|ARM.Build.0 = Debug|ARM
		{6CFCFB85-730B-493E-9035-CAEA36E80137}.Debug|ARM.Deploy.0 = Debug|ARM
		{6CFCFB85-730B-493E-9035-CAEA36E80137}.Debug|iPhone.ActiveCfg = Debug|x86
		{6CFCFB85-730B-493E-9035-CAEA36E80137}.Debug|iPhoneSimulator.ActiveCfg = Debug|x86
		{6CFCFB85-730B-493E-9035-CAEA36E80137}.Debug|x64.ActiveCfg = Debug|x64
		{6CFCFB85-730B-493E-9035-CAEA36E80137}.Debug|x64.Build.0 = Debug|x64
		{6CFCFB85-730B-493E-9035-CAEA36E80137}.Debug|x64.Deploy.0 = Debug|x64
		{6CFCFB85-730B-493E-9035-CAEA36E80137}.Debug|x86.ActiveCfg = Debug|x86
		{6CFCFB85-730B-493E-9035-CAEA36E80137}.Debug|x86.Build.0 = Debug|x86
		{6CFCFB85-730B-493E-9035-CAEA36E80137}.Debug|x86.Deploy.0 = Debug|x86
		{6CFCFB85-730B-493E-9035-CAEA36E80137}.Release|Any CPU.ActiveCfg = Release|x86
		{6CFCFB85-730B-493E-9035-CAEA36E80137}.Release|ARM.ActiveCfg = Release|ARM
		{6CFCFB85-730B-493E-9035-CAEA36E80137}.Release|ARM.Build.0 = Release|ARM
		{6CFCFB85-730B-493E-9035-CAEA36E80137}.Release|ARM.Deploy.0 = Release|ARM
		{6CFCFB85-730B-493E-9035-CAEA36E80137}.Release|iPhone.ActiveCfg = Release|x86
		{6CFCFB85-730B-493E-9035-CAEA36E80137}.Release|iPhoneSimulator.ActiveCfg = Release|x86
		{6CFCFB85-730B-493E-9035-CAEA36E80137}.Release|x64.ActiveCfg = Release|x64
		{6CFCFB85-730B-493E-9035-CAEA36E80137}.Release|x64.Build.0 = Release|x64
		{6CFCFB85-730B-493E-9035-CAEA36E80137}.Release|x64.Deploy.0 = Release|x64
		{6CFCFB85-730B-493E-9035-CAEA36E80137}.Release|x86.ActiveCfg = Release|x86
		{6CFCFB85-730B-493E-9035-CAEA36E80137}.Release|x86.Build.0 = Release|x86
		{6CFCFB85-730B-493E-9035-CAEA36E80137}.Release|x86.Deploy.0 = Release|x86
		{75E04EC9-A38D-489B-A06F-3AAA968B9D94}.Ad-Hoc|Any CPU.ActiveCfg = Debug|Any CPU
		{75E04EC9-A38D-489B-A06F-3AAA968B9D94}.Ad-Hoc|Any CPU.Build.0 = Debug|Any CPU
		{75E04EC9-A38D-489B-A06F-3AAA968B9D94}.Ad-Hoc|ARM.ActiveCfg = Debug|Any CPU
		{75E04EC9-A38D-489B-A06F-3AAA968B9D94}.Ad-Hoc|ARM.Build.0 = Debug|Any CPU
		{75E04EC9-A38D-489B-A06F-3AAA968B9D94}.Ad-Hoc|iPhone.ActiveCfg = Debug|Any CPU
		{75E04EC9-A38D-489B-A06F-3AAA968B9D94}.Ad-Hoc|iPhone.Build.0 = Debug|Any CPU
		{75E04EC9-A38D-489B-A06F-3AAA968B9D94}.Ad-Hoc|iPhoneSimulator.ActiveCfg = Debug|Any CPU
		{75E04EC9-A38D-489B-A06F-3AAA968B9D94}.Ad-Hoc|iPhoneSimulator.Build.0 = Debug|Any CPU
		{75E04EC9-A38D-489B-A06F-3AAA968B9D94}.Ad-Hoc|x64.ActiveCfg = Debug|Any CPU
		{75E04EC9-A38D-489B-A06F-3AAA968B9D94}.Ad-Hoc|x64.Build.0 = Debug|Any CPU
		{75E04EC9-A38D-489B-A06F-3AAA968B9D94}.Ad-Hoc|x86.ActiveCfg = Debug|Any CPU
		{75E04EC9-A38D-489B-A06F-3AAA968B9D94}.Ad-Hoc|x86.Build.0 = Debug|Any CPU
		{75E04EC9-A38D-489B-A06F-3AAA968B9D94}.AppStore|Any CPU.ActiveCfg = Debug|Any CPU
		{75E04EC9-A38D-489B-A06F-3AAA968B9D94}.AppStore|Any CPU.Build.0 = Debug|Any CPU
		{75E04EC9-A38D-489B-A06F-3AAA968B9D94}.AppStore|ARM.ActiveCfg = Debug|Any CPU
		{75E04EC9-A38D-489B-A06F-3AAA968B9D94}.AppStore|ARM.Build.0 = Debug|Any CPU
		{75E04EC9-A38D-489B-A06F-3AAA968B9D94}.AppStore|iPhone.ActiveCfg = Debug|Any CPU
		{75E04EC9-A38D-489B-A06F-3AAA968B9D94}.AppStore|iPhone.Build.0 = Debug|Any CPU
		{75E04EC9-A38D-489B-A06F-3AAA968B9D94}.AppStore|iPhoneSimulator.ActiveCfg = Debug|Any CPU
		{75E04EC9-A38D-489B-A06F-3AAA968B9D94}.AppStore|iPhoneSimulator.Build.0 = Debug|Any CPU
		{75E04EC9-A38D-489B-A06F-3AAA968B9D94}.AppStore|x64.ActiveCfg = Debug|Any CPU
		{75E04EC9-A38D-489B-A06F-3AAA968B9D94}.AppStore|x64.Build.0 = Debug|Any CPU
		{75E04EC9-A38D-489B-A06F-3AAA968B9D94}.AppStore|x86.ActiveCfg = Debug|Any CPU
		{75E04EC9-A38D-489B-A06F-3AAA968B9D94}.AppStore|x86.Build.0 = Debug|Any CPU
		{75E04EC9-A38D-489B-A06F-3AAA968B9D94}.Debug|Any CPU.ActiveCfg = Debug|Any CPU
		{75E04EC9-A38D-489B-A06F-3AAA968B9D94}.Debug|Any CPU.Build.0 = Debug|Any CPU
		{75E04EC9-A38D-489B-A06F-3AAA968B9D94}.Debug|ARM.ActiveCfg = Debug|Any CPU
		{75E04EC9-A38D-489B-A06F-3AAA968B9D94}.Debug|ARM.Build.0 = Debug|Any CPU
		{75E04EC9-A38D-489B-A06F-3AAA968B9D94}.Debug|iPhone.ActiveCfg = Debug|Any CPU
		{75E04EC9-A38D-489B-A06F-3AAA968B9D94}.Debug|iPhone.Build.0 = Debug|Any CPU
		{75E04EC9-A38D-489B-A06F-3AAA968B9D94}.Debug|iPhoneSimulator.ActiveCfg = Debug|Any CPU
		{75E04EC9-A38D-489B-A06F-3AAA968B9D94}.Debug|iPhoneSimulator.Build.0 = Debug|Any CPU
		{75E04EC9-A38D-489B-A06F-3AAA968B9D94}.Debug|x64.ActiveCfg = Debug|Any CPU
		{75E04EC9-A38D-489B-A06F-3AAA968B9D94}.Debug|x64.Build.0 = Debug|Any CPU
		{75E04EC9-A38D-489B-A06F-3AAA968B9D94}.Debug|x86.ActiveCfg = Debug|Any CPU
		{75E04EC9-A38D-489B-A06F-3AAA968B9D94}.Debug|x86.Build.0 = Debug|Any CPU
		{75E04EC9-A38D-489B-A06F-3AAA968B9D94}.Release|Any CPU.ActiveCfg = Release|Any CPU
		{75E04EC9-A38D-489B-A06F-3AAA968B9D94}.Release|Any CPU.Build.0 = Release|Any CPU
		{75E04EC9-A38D-489B-A06F-3AAA968B9D94}.Release|ARM.ActiveCfg = Release|Any CPU
		{75E04EC9-A38D-489B-A06F-3AAA968B9D94}.Release|ARM.Build.0 = Release|Any CPU
		{75E04EC9-A38D-489B-A06F-3AAA968B9D94}.Release|iPhone.ActiveCfg = Release|Any CPU
		{75E04EC9-A38D-489B-A06F-3AAA968B9D94}.Release|iPhone.Build.0 = Release|Any CPU
		{75E04EC9-A38D-489B-A06F-3AAA968B9D94}.Release|iPhoneSimulator.ActiveCfg = Release|Any CPU
		{75E04EC9-A38D-489B-A06F-3AAA968B9D94}.Release|iPhoneSimulator.Build.0 = Release|Any CPU
		{75E04EC9-A38D-489B-A06F-3AAA968B9D94}.Release|x64.ActiveCfg = Release|Any CPU
		{75E04EC9-A38D-489B-A06F-3AAA968B9D94}.Release|x64.Build.0 = Release|Any CPU
		{75E04EC9-A38D-489B-A06F-3AAA968B9D94}.Release|x86.ActiveCfg = Release|Any CPU
		{75E04EC9-A38D-489B-A06F-3AAA968B9D94}.Release|x86.Build.0 = Release|Any CPU
	EndGlobalSection
	GlobalSection(SolutionProperties) = preSolution
		HideSolutionNode = FALSE
	EndGlobalSection
	GlobalSection(ExtensibilityGlobals) = postSolution
		SolutionGuid = {AA141748-2A0C-4808-9A56-626D598400E4}
	EndGlobalSection
EndGlobal
